{
  "originHash" : "fcc8c36810cae46f94e056bca616fcd481c18ec9a3fb36949570c18903729974",
  "pins" : [
    {
      "identity" : "capacitor-swift-pm",
      "kind" : "remoteSourceControl",
      "location" : "https://github.com/ionic-team/capacitor-swift-pm.git",
      "state" : {
        "revision" : "89e0d8ec2321025f549ddb19259a717467943b97",
        "version" : "8.4.3"
      }
    }
  ],
  "version" : 3
}
